Microsoft Visual Studio Solution File, Format Version 11.00
# Visual Studio 2008

Project("{63408AE6-9969-3D7E-6F26-B93880B3EC92}") = "Classwork0907", "Assembly-CSharp.csproj", "{90F099C7-D0D4-565B-A842-E2395B68AB53}"
EndProject
Global
	GlobalSection(SolutionConfigurationPlatforms) = preSolution
		Debug|Any CPU = Debug|Any CPU
		Release|Any CPU = Release|Any CPU
	EndGlobalSection
	GlobalSection(ProjectConfigurationPlatforms) = postSolution
		{90F099C7-D0D4-565B-A842-E2395B68AB53}.Debug|Any CPU.ActiveCfg = Debug|Any CPU
		{90F099C7-D0D4-565B-A842-E2395B68AB53}.Debug|Any CPU.Build.0 = Debug|Any CPU
		{90F099C7-D0D4-565B-A842-E2395B68AB53}.Release|Any CPU.ActiveCfg = Release|Any CPU
		{90F099C7-D0D4-565B-A842-E2395B68AB53}.Release|Any CPU.Build.0 = Release|Any CPU
	EndGlobalSection
	GlobalSection(SolutionProperties) = preSolution
		HideSolutionNode = FALSE
	EndGlobalSection
	GlobalSection(MonoDevelopProperties) = preSolution
		StartupItem = Assembly-CSharp.csproj
	EndGlobalSection
EndGlobal
