Microsoft Visual Studio Solution File, Format Version 11.00
# Visual Studio 2008

Project("{22829574-ED46-7151-30D0-B9024965340D}") = "Classwork1010", "Assembly-CSharp.csproj", "{F03B3EA2-E5E1-C196-EA7B-6FC457997618}"
EndProject
Global
	GlobalSection(SolutionConfigurationPlatforms) = preSolution
		Debug|Any CPU = Debug|Any CPU
		Release|Any CPU = Release|Any CPU
	EndGlobalSection
	GlobalSection(ProjectConfigurationPlatforms) = postSolution
		{F03B3EA2-E5E1-C196-EA7B-6FC457997618}.Debug|Any CPU.ActiveCfg = Debug|Any CPU
		{F03B3EA2-E5E1-C196-EA7B-6FC457997618}.Debug|Any CPU.Build.0 = Debug|Any CPU
		{F03B3EA2-E5E1-C196-EA7B-6FC457997618}.Release|Any CPU.ActiveCfg = Release|Any CPU
		{F03B3EA2-E5E1-C196-EA7B-6FC457997618}.Release|Any CPU.Build.0 = Release|Any CPU
	EndGlobalSection
	GlobalSection(SolutionProperties) = preSolution
		HideSolutionNode = FALSE
	EndGlobalSection
	GlobalSection(MonoDevelopProperties) = preSolution
		StartupItem = Assembly-CSharp.csproj
	EndGlobalSection
EndGlobal
