Microsoft Visual Studio Solution File, Format Version 11.00
# Visual Studio 2008

Project("{609BDEB6-A0CD-6E27-F57F-147944B4EC1C}") = "WarmUp0916", "Assembly-CSharp.csproj", "{72FDA7B9-8D54-AAF6-7FFE-616DAC0DF96D}"
EndProject
Global
	GlobalSection(SolutionConfigurationPlatforms) = preSolution
		Debug|Any CPU = Debug|Any CPU
		Release|Any CPU = Release|Any CPU
	EndGlobalSection
	GlobalSection(ProjectConfigurationPlatforms) = postSolution
		{72FDA7B9-8D54-AAF6-7FFE-616DAC0DF96D}.Debug|Any CPU.ActiveCfg = Debug|Any CPU
		{72FDA7B9-8D54-AAF6-7FFE-616DAC0DF96D}.Debug|Any CPU.Build.0 = Debug|Any CPU
		{72FDA7B9-8D54-AAF6-7FFE-616DAC0DF96D}.Release|Any CPU.ActiveCfg = Release|Any CPU
		{72FDA7B9-8D54-AAF6-7FFE-616DAC0DF96D}.Release|Any CPU.Build.0 = Release|Any CPU
	EndGlobalSection
	GlobalSection(SolutionProperties) = preSolution
		HideSolutionNode = FALSE
	EndGlobalSection
	GlobalSection(MonoDevelopProperties) = preSolution
		StartupItem = Assembly-CSharp.csproj
	EndGlobalSection
EndGlobal
