Microsoft Visual Studio Solution File, Format Version 11.00
# Visual Studio 2008

Project("{55175688-A31B-EB13-E96B-21F280CBF0E8}") = "Math Formulas", "Assembly-CSharp.csproj", "{AF5841A3-37EC-584D-961E-AF5D94E730DD}"
EndProject
Global
	GlobalSection(SolutionConfigurationPlatforms) = preSolution
		Debug|Any CPU = Debug|Any CPU
		Release|Any CPU = Release|Any CPU
	EndGlobalSection
	GlobalSection(ProjectConfigurationPlatforms) = postSolution
		{AF5841A3-37EC-584D-961E-AF5D94E730DD}.Debug|Any CPU.ActiveCfg = Debug|Any CPU
		{AF5841A3-37EC-584D-961E-AF5D94E730DD}.Debug|Any CPU.Build.0 = Debug|Any CPU
		{AF5841A3-37EC-584D-961E-AF5D94E730DD}.Release|Any CPU.ActiveCfg = Release|Any CPU
		{AF5841A3-37EC-584D-961E-AF5D94E730DD}.Release|Any CPU.Build.0 = Release|Any CPU
	EndGlobalSection
	GlobalSection(SolutionProperties) = preSolution
		HideSolutionNode = FALSE
	EndGlobalSection
	GlobalSection(MonoDevelopProperties) = preSolution
		StartupItem = Assembly-CSharp.csproj
	EndGlobalSection
EndGlobal
